PODS:
  - agora_rtc_engine (6.3.1):
    - AgoraIrisRTC_iOS (= 4.3.1-build.1)
    - AgoraRtcEngine_iOS (= 4.3.1)
    - Flutter
  - AgoraIrisRTC_iOS (4.3.1-build.1)
  - AgoraRtcEngine_iOS (4.3.1):
    - AgoraRtcEngine_iOS/AIAEC (= 4.3.1)
    - AgoraRtcEngine_iOS/AINS (= 4.3.1)
    - AgoraRtcEngine_iOS/AudioBeauty (= 4.3.1)
    - AgoraRtcEngine_iOS/ClearVision (= 4.3.1)
    - AgoraRtcEngine_iOS/ContentInspect (= 4.3.1)
    - AgoraRtcEngine_iOS/FaceCapture (= 4.3.1)
    - AgoraRtcEngine_iOS/FaceDetection (= 4.3.1)
    - AgoraRtcEngine_iOS/LipSync (= 4.3.1)
    - AgoraRtcEngine_iOS/ReplayKit (= 4.3.1)
    - AgoraRtcEngine_iOS/RtcBasic (= 4.3.1)
    - AgoraRtcEngine_iOS/SpatialAudio (= 4.3.1)
    - AgoraRtcEngine_iOS/VideoAv1CodecDec (= 4.3.1)
    - AgoraRtcEngine_iOS/VideoAv1CodecEnc (= 4.3.1)
    - AgoraRtcEngine_iOS/VideoCodecDec (= 4.3.1)
    - AgoraRtcEngine_iOS/VideoCodecEnc (= 4.3.1)
    - AgoraRtcEngine_iOS/VirtualBackground (= 4.3.1)
    - AgoraRtcEngine_iOS/VQA (= 4.3.1)
  - AgoraRtcEngine_iOS/AIAEC (4.3.1)
  - AgoraRtcEngine_iOS/AINS (4.3.1)
  - AgoraRtcEngine_iOS/AudioBeauty (4.3.1)
  - AgoraRtcEngine_iOS/ClearVision (4.3.1)
  - AgoraRtcEngine_iOS/ContentInspect (4.3.1)
  - AgoraRtcEngine_iOS/FaceCapture (4.3.1)
  - AgoraRtcEngine_iOS/FaceDetection (4.3.1)
  - AgoraRtcEngine_iOS/LipSync (4.3.1)
  - AgoraRtcEngine_iOS/ReplayKit (4.3.1)
  - AgoraRtcEngine_iOS/RtcBasic (4.3.1)
  - AgoraRtcEngine_iOS/SpatialAudio (4.3.1)
  - AgoraRtcEngine_iOS/VideoAv1CodecDec (4.3.1)
  - AgoraRtcEngine_iOS/VideoAv1CodecEnc (4.3.1)
  - AgoraRtcEngine_iOS/VideoCodecDec (4.3.1)
  - AgoraRtcEngine_iOS/VideoCodecEnc (4.3.1)
  - AgoraRtcEngine_iOS/VirtualBackground (4.3.1)
  - AgoraRtcEngine_iOS/VQA (4.3.1)
  - Flutter (1.0.0)
  - iris_method_channel (0.0.1):
    - Flutter
  - permission_handler_apple (9.3.0):
    - Flutter

DEPENDENCIES:
  - agora_rtc_engine (from `.symlinks/plugins/agora_rtc_engine/ios`)
  - Flutter (from `Flutter`)
  - iris_method_channel (from `.symlinks/plugins/iris_method_channel/ios`)
  - permission_handler_apple (from `.symlinks/plugins/permission_handler_apple/ios`)

SPEC REPOS:
  trunk:
    - AgoraIrisRTC_iOS
    - AgoraRtcEngine_iOS

EXTERNAL SOURCES:
  agora_rtc_engine:
    :path: ".symlinks/plugins/agora_rtc_engine/ios"
  Flutter:
    :path: Flutter
  iris_method_channel:
    :path: ".symlinks/plugins/iris_method_channel/ios"
  permission_handler_apple:
    :path: ".symlinks/plugins/permission_handler_apple/ios"

SPEC CHECKSUMS:
  agora_rtc_engine: 6753fa324d39ac0e7f65f2b67ea5003a4442e370
  AgoraIrisRTC_iOS: 7710d853202eca4900c2916aefc44abd5a139d4e
  AgoraRtcEngine_iOS: f64be00fdda786bb7edd84ab461c31b7b4c93534
  Flutter: f04841e97a9d0b0a8025694d0796dd46242b2854
  iris_method_channel: 0617c689164d8154c020c50f63ca79f92b8a7b9d
  permission_handler_apple: 9878588469a2b0d0fc1e048d9f43605f92e6cec2

PODFILE CHECKSUM: e09c0c29e3438491a0c150b7df321b66f60b51ae

COCOAPODS: 1.15.2
